
Microsoft Visual Studio Solution File, Format Version 12.00
# Visual Studio Version 16
VisualStudioVersion = 16.0.29409.12
MinimumVisualStudioVersion = 10.0.40219.1
Project("{9A19103F-16F7-4668-BE54-9A1E7A4F7556}") = "AuslanAPI", "AuslanAPI.csproj", "{1EC53FA7-BE7D-4571-AF64-25947A6B8199}"
EndProject
Project("{FAE04EC0-301F-11D3-BF4B-00C04F79EFBC}") = "AuslanWebsite", "..\AuslanWebsite\AuslanWebsite.csproj", "{976B08B6-00D2-4FB9-953D-1107875BD5F9}"
EndProject
Global
	GlobalSection(SolutionConfigurationPlatforms) = preSolution
		Debug|Any CPU = Debug|Any CPU
		Release|Any CPU = Release|Any CPU
	EndGlobalSection
	GlobalSection(ProjectConfigurationPlatforms) = postSolution
		{1EC53FA7-BE7D-4571-AF64-25947A6B8199}.Debug|Any CPU.ActiveCfg = Debug|Any CPU
		{1EC53FA7-BE7D-4571-AF64-25947A6B8199}.Debug|Any CPU.Build.0 = Debug|Any CPU
		{1EC53FA7-BE7D-4571-AF64-25947A6B8199}.Release|Any CPU.ActiveCfg = Release|Any CPU
		{1EC53FA7-BE7D-4571-AF64-25947A6B8199}.Release|Any CPU.Build.0 = Release|Any CPU
		{976B08B6-00D2-4FB9-953D-1107875BD5F9}.Debug|Any CPU.ActiveCfg = Debug|Any CPU
		{976B08B6-00D2-4FB9-953D-1107875BD5F9}.Debug|Any CPU.Build.0 = Debug|Any CPU
		{976B08B6-00D2-4FB9-953D-1107875BD5F9}.Release|Any CPU.ActiveCfg = Release|Any CPU
		{976B08B6-00D2-4FB9-953D-1107875BD5F9}.Release|Any CPU.Build.0 = Release|Any CPU
	EndGlobalSection
	GlobalSection(SolutionProperties) = preSolution
		HideSolutionNode = FALSE
	EndGlobalSection
	GlobalSection(ExtensibilityGlobals) = postSolution
		SolutionGuid = {DB88BBB7-7908-48E1-863F-0AFC3DA7D39D}
	EndGlobalSection
EndGlobal
